
Microsoft Visual Studio Solution File, Format Version 12.00
# Visual Studio 2013
VisualStudioVersion = 12.0.30723.0
MinimumVisualStudioVersion = 10.0.40219.1
Project("{FAE04EC0-301F-11D3-BF4B-00C04F79EFBC}") = "LazyEvaluatedSharedStatesDemo", "LazyEvaluatedSharedStatesDemo\LazyEvaluatedSharedStatesDemo.csproj", "{CC93D829-B36D-449E-8C2E-76499BA6EE20}"
EndProject
Project("{FAE04EC0-301F-11D3-BF4B-00C04F79EFBC}") = "ParallelPipelineDemo", "ParallelPipelineDemo\ParallelPipelineDemo.csproj", "{A60DDCA0-5F5D-4116-BD76-879E5BA13004}"
EndProject
Project("{FAE04EC0-301F-11D3-BF4B-00C04F79EFBC}") = "ParallelPipelineWithTPLDataFlowDemo", "ParallelPipelineWithTPLDataFlowDemo\ParallelPipelineWithTPLDataFlowDemo.csproj", "{83159EF4-971C-403A-8C0D-3367A8F44B7A}"
EndProject
Project("{FAE04EC0-301F-11D3-BF4B-00C04F79EFBC}") = "MapReduceDemo", "MapReduceDemo\MapReduceDemo.csproj", "{48D3B578-5499-4A3B-BA22-CFC408789442}"
EndProject
Global
	GlobalSection(SolutionConfigurationPlatforms) = preSolution
		Debug|Any CPU = Debug|Any CPU
		Release|Any CPU = Release|Any CPU
	EndGlobalSection
	GlobalSection(ProjectConfigurationPlatforms) = postSolution
		{CC93D829-B36D-449E-8C2E-76499BA6EE20}.Debug|Any CPU.ActiveCfg = Debug|Any CPU
		{CC93D829-B36D-449E-8C2E-76499BA6EE20}.Debug|Any CPU.Build.0 = Debug|Any CPU
		{CC93D829-B36D-449E-8C2E-76499BA6EE20}.Release|Any CPU.ActiveCfg = Release|Any CPU
		{CC93D829-B36D-449E-8C2E-76499BA6EE20}.Release|Any CPU.Build.0 = Release|Any CPU
		{A60DDCA0-5F5D-4116-BD76-879E5BA13004}.Debug|Any CPU.ActiveCfg = Debug|Any CPU
		{A60DDCA0-5F5D-4116-BD76-879E5BA13004}.Debug|Any CPU.Build.0 = Debug|Any CPU
		{A60DDCA0-5F5D-4116-BD76-879E5BA13004}.Release|Any CPU.ActiveCfg = Release|Any CPU
		{A60DDCA0-5F5D-4116-BD76-879E5BA13004}.Release|Any CPU.Build.0 = Release|Any CPU
		{83159EF4-971C-403A-8C0D-3367A8F44B7A}.Debug|Any CPU.ActiveCfg = Debug|Any CPU
		{83159EF4-971C-403A-8C0D-3367A8F44B7A}.Debug|Any CPU.Build.0 = Debug|Any CPU
		{83159EF4-971C-403A-8C0D-3367A8F44B7A}.Release|Any CPU.ActiveCfg = Release|Any CPU
		{83159EF4-971C-403A-8C0D-3367A8F44B7A}.Release|Any CPU.Build.0 = Release|Any CPU
		{48D3B578-5499-4A3B-BA22-CFC408789442}.Debug|Any CPU.ActiveCfg = Debug|Any CPU
		{48D3B578-5499-4A3B-BA22-CFC408789442}.Debug|Any CPU.Build.0 = Debug|Any CPU
		{48D3B578-5499-4A3B-BA22-CFC408789442}.Release|Any CPU.ActiveCfg = Release|Any CPU
		{48D3B578-5499-4A3B-BA22-CFC408789442}.Release|Any CPU.Build.0 = Release|Any CPU
	EndGlobalSection
	GlobalSection(SolutionProperties) = preSolution
		HideSolutionNode = FALSE
	EndGlobalSection
EndGlobal
